
Microsoft Visual Studio Solution File, Format Version 12.00
# Visual Studio 2012
Project("{8BC9CEB8-8B4A-11D0-8D11-00A0C91BC942}") = "Func_Jump_Table", "Func_Jump_Table\Func_Jump_Table.vcxproj", "{0D7F8ECD-5323-4BEA-81F2-9CE99C1548BB}"
EndProject
Global
	GlobalSection(SolutionConfigurationPlatforms) = preSolution
		Debug|Win32 = Debug|Win32
		Release|Win32 = Release|Win32
	EndGlobalSection
	GlobalSection(ProjectConfigurationPlatforms) = postSolution
		{0D7F8ECD-5323-4BEA-81F2-9CE99C1548BB}.Debug|Win32.ActiveCfg = Debug|Win32
		{0D7F8ECD-5323-4BEA-81F2-9CE99C1548BB}.Debug|Win32.Build.0 = Debug|Win32
		{0D7F8ECD-5323-4BEA-81F2-9CE99C1548BB}.Release|Win32.ActiveCfg = Release|Win32
		{0D7F8ECD-5323-4BEA-81F2-9CE99C1548BB}.Release|Win32.Build.0 = Release|Win32
	EndGlobalSection
	GlobalSection(SolutionProperties) = preSolution
		HideSolutionNode = FALSE
	EndGlobalSection
EndGlobal
